
Microsoft Visual Studio Solution File, Format Version 12.00
# Visual Studio Version 16
VisualStudioVersion = 16.0.30011.22
MinimumVisualStudioVersion = 10.0.40219.1
Project("{FAE04EC0-301F-11D3-BF4B-00C04F79EFBC}") = "GreybeanSolutionsCompanySite", "GreybeanSolutionsCompanySite\GreybeanSolutionsCompanySite.csproj", "{368F7C2D-F19D-4235-9A5B-E733BC5D9988}"
EndProject
Global
	GlobalSection(SolutionConfigurationPlatforms) = preSolution
		Debug|Any CPU = Debug|Any CPU
		Release|Any CPU = Release|Any CPU
	EndGlobalSection
	GlobalSection(ProjectConfigurationPlatforms) = postSolution
		{368F7C2D-F19D-4235-9A5B-E733BC5D9988}.Debug|Any CPU.ActiveCfg = Debug|Any CPU
		{368F7C2D-F19D-4235-9A5B-E733BC5D9988}.Debug|Any CPU.Build.0 = Debug|Any CPU
		{368F7C2D-F19D-4235-9A5B-E733BC5D9988}.Release|Any CPU.ActiveCfg = Release|Any CPU
		{368F7C2D-F19D-4235-9A5B-E733BC5D9988}.Release|Any CPU.Build.0 = Release|Any CPU
	EndGlobalSection
	GlobalSection(SolutionProperties) = preSolution
		HideSolutionNode = FALSE
	EndGlobalSection
	GlobalSection(ExtensibilityGlobals) = postSolution
		SolutionGuid = {11FE4BE0-ADD0-41EB-9ECF-04AEBABD054F}
	EndGlobalSection
EndGlobal
